
Microsoft Visual Studio Solution File, Format Version 12.00
# Visual Studio 15
Project("{F2A71F9B-5D33-465A-A702-920D77279786}") = "exam-fsharp-app", "exam-fsharp-app\exam-fsharp-app.fsproj", "{093AA65F-722B-41D0-A5E8-A3807F830F4A}"
EndProject
Global
	GlobalSection(SolutionConfigurationPlatforms) = preSolution
		Debug|Any CPU = Debug|Any CPU
		Release|Any CPU = Release|Any CPU
	EndGlobalSection
	GlobalSection(ProjectConfigurationPlatforms) = postSolution
		{093AA65F-722B-41D0-A5E8-A3807F830F4A}.Debug|Any CPU.ActiveCfg = Debug|Any CPU
		{093AA65F-722B-41D0-A5E8-A3807F830F4A}.Debug|Any CPU.Build.0 = Debug|Any CPU
		{093AA65F-722B-41D0-A5E8-A3807F830F4A}.Release|Any CPU.ActiveCfg = Release|Any CPU
		{093AA65F-722B-41D0-A5E8-A3807F830F4A}.Release|Any CPU.Build.0 = Release|Any CPU
	EndGlobalSection
EndGlobal
